// !$*UTF8*$!
{
	archiveVersion = 1;
	classes = {
	};
	objectVersion = 46;
	objects = {

/* Begin PBXBuildFile section */
		69FBE5F6D9C54F0AD71DD7FC /* libPods-TTTAttributedLabel.a in Frameworks */ = {isa = PBXBuildFile; fileRef = 24DFDAB10944CA2A06F91061 /* libPods-TTTAttributedLabel.a */; };
		DCFD667F205219CC00D43DB4 /* main.m in Sources */ = {isa = PBXBuildFile; fileRef = DCFD667E205219CC00D43DB4 /* main.m */; };
		DCFD6682205219CC00D43DB4 /* AppDelegate.m in Sources */ = {isa = PBXBuildFile; fileRef = DCFD6681205219CC00D43DB4 /* AppDelegate.m */; };
		DCFD6685205219CC00D43DB4 /* ViewController.m in Sources */ = {isa = PBXBuildFile; fileRef = DCFD6684205219CC00D43DB4 /* ViewController.m */; };
		DCFD6688205219CC00D43DB4 /* Main.storyboard in Resources */ = {isa = PBXBuildFile; fileRef = DCFD6686205219CC00D43DB4 /* Main.storyboard */; };
		DCFD668A205219CC00D43DB4 /* Assets.xcassets in Resources */ = {isa = PBXBuildFile; fileRef = DCFD6689205219CC00D43DB4 /* Assets.xcassets */; };
		DCFD668D205219CC00D43DB4 /* LaunchScreen.storyboard in Resources */ = {isa = PBXBuildFile; fileRef = DCFD668B205219CC00D43DB4 /* LaunchScreen.storyboard */; };
		DCFD6698205219CC00D43DB4 /* TTTAttributedLabelTests.m in Sources */ = {isa = PBXBuildFile; fileRef = DCFD6697205219CC00D43DB4 /* TTTAttributedLabelTests.m */; };
		DCFD66A3205219CC00D43DB4 /* TTTAttributedLabelUITests.m in Sources */ = {isa = PBXBuildFile; fileRef = DCFD66A2205219CC00D43DB4 /* TTTAttributedLabelUITests.m */; };
/* End PBXBuildFile section */

/* Begin PBXContainerItemProxy section */
		DCFD6694205219CC00D43DB4 /* PBXContainerItemProxy */ = {
			isa = PBXContainerItemProxy;
			containerPortal = DCFD6672205219CC00D43DB4 /* Project object */;
			proxyType = 1;
			remoteGlobalIDString = DCFD6679205219CC00D43DB4;
			remoteInfo = TTTAttributedLabel;
		};
		DCFD669F205219CC00D43DB4 /* PBXContainerItemProxy */ = {
			isa = PBXContainerItemProxy;
			containerPortal = DCFD6672205219CC00D43DB4 /* Project object */;
			proxyType = 1;
			remoteGlobalIDString = DCFD6679205219CC00D43DB4;
			remoteInfo = TTTAttributedLabel;
		};
/* End PBXContainerItemProxy section */

/* Begin PBXFileReference section */
		24DFDAB10944CA2A06F91061 /* libPods-TTTAttributedLabel.a */ = {isa = PBXFileReference; explicitFileType = archive.ar; includeInIndex = 0; path = "libPods-TTTAttributedLabel.a"; sourceTree = BUILT_PRODUCTS_DIR; };
		28AFB2E52ECE7C1EFBAAF574 /* Pods-TTTAttributedLabel.release.xcconfig */ = {isa = PBXFileReference; includeInIndex = 1; lastKnownFileType = text.xcconfig; name = "Pods-TTTAttributedLabel.release.xcconfig"; path = "Pods/Target Support Files/Pods-TTTAttributedLabel/Pods-TTTAttributedLabel.release.xcconfig"; sourceTree = "<group>"; };
		49C3E35FA42ADB98C2FF9DB4 /* Pods-TTTAttributedLabel.debug.xcconfig */ = {isa = PBXFileReference; includeInIndex = 1; lastKnownFileType = text.xcconfig; name = "Pods-TTTAttributedLabel.debug.xcconfig"; path = "Pods/Target Support Files/Pods-TTTAttributedLabel/Pods-TTTAttributedLabel.debug.xcconfig"; sourceTree = "<group>"; };
		DCFD667A205219CC00D43DB4 /* TTTAttributedLabel.app */ = {isa = PBXFileReference; explicitFileType = wrapper.application; includeInIndex = 0; path = TTTAttributedLabel.app; sourceTree = BUILT_PRODUCTS_DIR; };
		DCFD667E205219CC00D43DB4 /* main.m */ = {isa = PBXFileReference; lastKnownFileType = sourcecode.c.objc; path = main.m; sourceTree = "<group>"; };
		DCFD6680205219CC00D43DB4 /* AppDelegate.h */ = {isa = PBXFileReference; lastKnownFileType = sourcecode.c.h; path = AppDelegate.h; sourceTree = "<group>"; };
		DCFD6681205219CC00D43DB4 /* AppDelegate.m */ = {isa = PBXFileReference; lastKnownFileType = sourcecode.c.objc; path = AppDelegate.m; sourceTree = "<group>"; };
		DCFD6683205219CC00D43DB4 /* ViewController.h */ = {isa = PBXFileReference; lastKnownFileType = sourcecode.c.h; path = ViewController.h; sourceTree = "<group>"; };
		DCFD6684205219CC00D43DB4 /* ViewController.m */ = {isa = PBXFileReference; lastKnownFileType = sourcecode.c.objc; path = ViewController.m; sourceTree = "<group>"; };
		DCFD6687205219CC00D43DB4 /* Base */ = {isa = PBXFileReference; lastKnownFileType = file.storyboard; name = Base; path = Base.lproj/Main.storyboard; sourceTree = "<group>"; };
		DCFD6689205219CC00D43DB4 /* Assets.xcassets */ = {isa = PBXFileReference; lastKnownFileType = folder.assetcatalog; path = Assets.xcassets; sourceTree = "<group>"; };
		DCFD668C205219CC00D43DB4 /* Base */ = {isa = PBXFileReference; lastKnownFileType = file.storyboard; name = Base; path = Base.lproj/LaunchScreen.storyboard; sourceTree = "<group>"; };
		DCFD668E205219CC00D43DB4 /* Info.plist */ = {isa = PBXFileReference; lastKnownFileType = text.plist.xml; path = Info.plist; sourceTree = "<group>"; };
		DCFD6693205219CC00D43DB4 /* TTTAttributedLabelTests.xctest */ = {isa = PBXFileReference; explicitFileType = wrapper.cfbundle; includeInIndex = 0; path = TTTAttributedLabelTests.xctest; sourceTree = BUILT_PRODUCTS_DIR; };
		DCFD6697205219CC00D43DB4 /* TTTAttributedLabelTests.m */ = {isa = PBXFileReference; lastKnownFileType = sourcecode.c.objc; path = TTTAttributedLabelTests.m; sourceTree = "<group>"; };
		DCFD6699205219CC00D43DB4 /* Info.plist */ = {isa = PBXFileReference; lastKnownFileType = text.plist.xml; path = Info.plist; sourceTree = "<group>"; };
		DCFD669E205219CC00D43DB4 /* TTTAttributedLabelUITests.xctest */ = {isa = PBXFileReference; explicitFileType = wrapper.cfbundle; includeInIndex = 0; path = TTTAttributedLabelUITests.xctest; sourceTree = BUILT_PRODUCTS_DIR; };
		DCFD66A2205219CC00D43DB4 /* TTTAttributedLabelUITests.m */ = {isa = PBXFileReference; lastKnownFileType = sourcecode.c.objc; path = TTTAttributedLabelUITests.m; sourceTree = "<group>"; };
		DCFD66A4205219CC00D43DB4 /* Info.plist */ = {isa = PBXFileReference; lastKnownFileType = text.plist.xml; path = Info.plist; sourceTree = "<group>"; };
/* End PBXFileReference section */

/* Begin PBXFrameworksBuildPhase section */
		DCFD6677205219CC00D43DB4 /* Frameworks */ = {
			isa = PBXFrameworksBuildPhase;
			buildActionMask = 2147483647;
			files = (
				69FBE5F6D9C54F0AD71DD7FC /* libPods-TTTAttributedLabel.a in Frameworks */,
			);
			runOnlyForDeploymentPostprocessing = 0;
		};
		DCFD6690205219CC00D43DB4 /* Frameworks */ = {
			isa = PBXFrameworksBuildPhase;
			buildActionMask = 2147483647;
			files = (
			);
			runOnlyForDeploymentPostprocessing = 0;
		};
		DCFD669B205219CC00D43DB4 /* Frameworks */ = {
			isa = PBXFrameworksBuildPhase;
			buildActionMask = 2147483647;
			files = (
			);
			runOnlyForDeploymentPostprocessing = 0;
		};
/* End PBXFrameworksBuildPhase section */

/* Begin PBXGroup section */
		7702F0F71CEEC84F4D9E5E64 /* Pods */ = {
			isa = PBXGroup;
			children = (
				49C3E35FA42ADB98C2FF9DB4 /* Pods-TTTAttributedLabel.debug.xcconfig */,
				28AFB2E52ECE7C1EFBAAF574 /* Pods-TTTAttributedLabel.release.xcconfig */,
			);
			name = Pods;
			sourceTree = "<group>";
		};
		DCFD6671205219CC00D43DB4 = {
			isa = PBXGroup;
			children = (
				DCFD667C205219CC00D43DB4 /* TTTAttributedLabel */,
				DCFD6696205219CC00D43DB4 /* TTTAttributedLabelTests */,
				DCFD66A1205219CC00D43DB4 /* TTTAttributedLabelUITests */,
				DCFD667B205219CC00D43DB4 /* Products */,
				7702F0F71CEEC84F4D9E5E64 /* Pods */,
				FAE90822B177432F94507875 /* Frameworks */,
			);
			sourceTree = "<group>";
		};
		DCFD667B205219CC00D43DB4 /* Products */ = {
			isa = PBXGroup;
			children = (
				DCFD667A205219CC00D43DB4 /* TTTAttributedLabel.app */,
				DCFD6693205219CC00D43DB4 /* TTTAttributedLabelTests.xctest */,
				DCFD669E205219CC00D43DB4 /* TTTAttributedLabelUITests.xctest */,
			);
			name = Products;
			sourceTree = "<group>";
		};
		DCFD667C205219CC00D43DB4 /* TTTAttributedLabel */ = {
			isa = PBXGroup;
			children = (
				DCFD6680205219CC00D43DB4 /* AppDelegate.h */,
				DCFD6681205219CC00D43DB4 /* AppDelegate.m */,
				DCFD6683205219CC00D43DB4 /* ViewController.h */,
				DCFD6684205219CC00D43DB4 /* ViewController.m */,
				DCFD6686205219CC00D43DB4 /* Main.storyboard */,
				DCFD6689205219CC00D43DB4 /* Assets.xcassets */,
				DCFD668B205219CC00D43DB4 /* LaunchScreen.storyboard */,
				DCFD668E205219CC00D43DB4 /* Info.plist */,
				DCFD667D205219CC00D43DB4 /* Supporting Files */,
			);
			path = TTTAttributedLabel;
			sourceTree = "<group>";
		};
		DCFD667D205219CC00D43DB4 /* Supporting Files */ = {
			isa = PBXGroup;
			children = (
				DCFD667E205219CC00D43DB4 /* main.m */,
			);
			name = "Supporting Files";
			sourceTree = "<group>";
		};
		DCFD6696205219CC00D43DB4 /* TTTAttributedLabelTests */ = {
			isa = PBXGroup;
			children = (
				DCFD6697205219CC00D43DB4 /* TTTAttributedLabelTests.m */,
				DCFD6699205219CC00D43DB4 /* Info.plist */,
			);
			path = TTTAttributedLabelTests;
			sourceTree = "<group>";
		};
		DCFD66A1205219CC00D43DB4 /* TTTAttributedLabelUITests */ = {
			isa = PBXGroup;
			children = (
				DCFD66A2205219CC00D43DB4 /* TTTAttributedLabelUITests.m */,
				DCFD66A4205219CC00D43DB4 /* Info.plist */,
			);
			path = TTTAttributedLabelUITests;
			sourceTree = "<group>";
		};
		FAE90822B177432F94507875 /* Frameworks */ = {
			isa = PBXGroup;
			children = (
				24DFDAB10944CA2A06F91061 /* libPods-TTTAttributedLabel.a */,
			);
			name = Frameworks;
			sourceTree = "<group>";
		};
/* End PBXGroup section */

/* Begin PBXNativeTarget section */
		DCFD6679205219CC00D43DB4 /* TTTAttributedLabel */ = {
			isa = PBXNativeTarget;
			buildConfigurationList = DCFD66A7205219CC00D43DB4 /* Build configuration list for PBXNativeTarget "TTTAttributedLabel" */;
			buildPhases = (
				F0794EF7D5FDA76C66E65A10 /* [CP] Check Pods Manifest.lock */,
				DCFD6676205219CC00D43DB4 /* Sources */,
				DCFD6677205219CC00D43DB4 /* Frameworks */,
				DCFD6678205219CC00D43DB4 /* Resources */,
				C50EA497DCF672FF3D0AC85C /* [CP] Embed Pods Frameworks */,
				E0B480B9A55FB461F90C8B79 /* [CP] Copy Pods Resources */,
			);
			buildRules = (
			);
			dependencies = (
			);
			name = TTTAttributedLabel;
			productName = TTTAttributedLabel;
			productReference = DCFD667A205219CC00D43DB4 /* TTTAttributedLabel.app */;
			productType = "com.apple.product-type.application";
		};
		DCFD6692205219CC00D43DB4 /* TTTAttributedLabelTests */ = {
			isa = PBXNativeTarget;
			buildConfigurationList = DCFD66AA205219CC00D43DB4 /* Build configuration list for PBXNativeTarget "TTTAttributedLabelTests" */;
			buildPhases = (
				DCFD668F205219CC00D43DB4 /* Sources */,
				DCFD6690205219CC00D43DB4 /* Frameworks */,
				DCFD6691205219CC00D43DB4 /* Resources */,
			);
			buildRules = (
			);
			dependencies = (
				DCFD6695205219CC00D43DB4 /* PBXTargetDependency */,
			);
			name = TTTAttributedLabelTests;
			productName = TTTAttributedLabelTests;
			productReference = DCFD6693205219CC00D43DB4 /* TTTAttributedLabelTests.xctest */;
			productType = "com.apple.product-type.bundle.unit-test";
		};
		DCFD669D205219CC00D43DB4 /* TTTAttributedLabelUITests */ = {
			isa = PBXNativeTarget;
			buildConfigurationList = DCFD66AD205219CC00D43DB4 /* Build configuration list for PBXNativeTarget "TTTAttributedLabelUITests" */;
			buildPhases = (
				DCFD669A205219CC00D43DB4 /* Sources */,
				DCFD669B205219CC00D43DB4 /* Frameworks */,
				DCFD669C205219CC00D43DB4 /* Resources */,
			);
			buildRules = (
			);
			dependencies = (
				DCFD66A0205219CC00D43DB4 /* PBXTargetDependency */,
			);
			name = TTTAttributedLabelUITests;
			productName = TTTAttributedLabelUITests;
			productReference = DCFD669E205219CC00D43DB4 /* TTTAttributedLabelUITests.xctest */;
			productType = "com.apple.product-type.bundle.ui-testing";
		};
/* End PBXNativeTarget section */

/* Begin PBXProject section */
		DCFD6672205219CC00D43DB4 /* Project object */ = {
			isa = PBXProject;
			attributes = {
				LastUpgradeCheck = 0830;
				ORGANIZATIONNAME = chanpinzhongxin;
				TargetAttributes = {
					DCFD6679205219CC00D43DB4 = {
						CreatedOnToolsVersion = 8.3.3;
						DevelopmentTeam = E8FZT95R86;
						ProvisioningStyle = Automatic;
					};
					DCFD6692205219CC00D43DB4 = {
						CreatedOnToolsVersion = 8.3.3;
						DevelopmentTeam = E8FZT95R86;
						ProvisioningStyle = Automatic;
						TestTargetID = DCFD6679205219CC00D43DB4;
					};
					DCFD669D205219CC00D43DB4 = {
						CreatedOnToolsVersion = 8.3.3;
						DevelopmentTeam = E8FZT95R86;
						ProvisioningStyle = Automatic;
						TestTargetID = DCFD6679205219CC00D43DB4;
					};
				};
			};
			buildConfigurationList = DCFD6675205219CC00D43DB4 /* Build configuration list for PBXProject "TTTAttributedLabel" */;
			compatibilityVersion = "Xcode 3.2";
			developmentRegion = English;
			hasScannedForEncodings = 0;
			knownRegions = (
				en,
				Base,
			);
			mainGroup = DCFD6671205219CC00D43DB4;
			productRefGroup = DCFD667B205219CC00D43DB4 /* Products */;
			projectDirPath = "";
			projectRoot = "";
			targets = (
				DCFD6679205219CC00D43DB4 /* TTTAttributedLabel */,
				DCFD6692205219CC00D43DB4 /* TTTAttributedLabelTests */,
				DCFD669D205219CC00D43DB4 /* TTTAttributedLabelUITests */,
			);
		};
/* End PBXProject section */

/* Begin PBXResourcesBuildPhase section */
		DCFD6678205219CC00D43DB4 /* Resources */ = {
			isa = PBXResourcesBuildPhase;
			buildActionMask = 2147483647;
			files = (
				DCFD668D205219CC00D43DB4 /* LaunchScreen.storyboard in Resources */,
				DCFD668A205219CC00D43DB4 /* Assets.xcassets in Resources */,
				DCFD6688205219CC00D43DB4 /* Main.storyboard in Resources */,
			);
			runOnlyForDeploymentPostprocessing = 0;
		};
		DCFD6691205219CC00D43DB4 /* Resources */ = {
			isa = PBXResourcesBuildPhase;
			buildActionMask = 2147483647;
			files = (
			);
			runOnlyForDeploymentPostprocessing = 0;
		};
		DCFD669C205219CC00D43DB4 /* Resources */ = {
			isa = PBXResourcesBuildPhase;
			buildActionMask = 2147483647;
			files = (
			);
			runOnlyForDeploymentPostprocessing = 0;
		};
/* End PBXResourcesBuildPhase section */

/* Begin PBXShellScriptBuildPhase section */
		C50EA497DCF672FF3D0AC85C /* [CP] Embed Pods Frameworks */ = {
			isa = PBXShellScriptBuildPhase;
			buildActionMask = 2147483647;
			files = (
			);
			inputPaths = (
			);
			name = "[CP] Embed Pods Frameworks";
			outputPaths = (
			);
			runOnlyForDeploymentPostprocessing = 0;
			shellPath = /bin/sh;
			shellScript = "\"${SRCROOT}/Pods/Target Support Files/Pods-TTTAttributedLabel/Pods-TTTAttributedLabel-frameworks.sh\"\n";
			showEnvVarsInLog = 0;
		};
		E0B480B9A55FB461F90C8B79 /* [CP] Copy Pods Resources */ = {
			isa = PBXShellScriptBuildPhase;
			buildActionMask = 2147483647;
			files = (
			);
			inputPaths = (
			);
			name = "[CP] Copy Pods Resources";
			outputPaths = (
			);
			runOnlyForDeploymentPostprocessing = 0;
			shellPath = /bin/sh;
			shellScript = "\"${SRCROOT}/Pods/Target Support Files/Pods-TTTAttributedLabel/Pods-TTTAttributedLabel-resources.sh\"\n";
			showEnvVarsInLog = 0;
		};
		F0794EF7D5FDA76C66E65A10 /* [CP] Check Pods Manifest.lock */ = {
			isa = PBXShellScriptBuildPhase;
			buildActionMask = 2147483647;
			files = (
			);
			inputPaths = (
			);
			name = "[CP] Check Pods Manifest.lock";
			outputPaths = (
			);
			runOnlyForDeploymentPostprocessing = 0;
			shellPath = /bin/sh;
			shellScript = "diff \"${PODS_PODFILE_DIR_PATH}/Podfile.lock\" \"${PODS_ROOT}/Manifest.lock\" > /dev/null\nif [ $? != 0 ] ; then\n    # print error to STDERR\n    echo \"error: The sandbox is not in sync with the Podfile.lock. Run 'pod install' or update your CocoaPods installation.\" >&2\n    exit 1\nfi\n";
			showEnvVarsInLog = 0;
		};
/* End PBXShellScriptBuildPhase section */

/* Begin PBXSourcesBuildPhase section */
		DCFD6676205219CC00D43DB4 /* Sources */ = {
			isa = PBXSourcesBuildPhase;
			buildActionMask = 2147483647;
			files = (
				DCFD6685205219CC00D43DB4 /* ViewController.m in Sources */,
				DCFD6682205219CC00D43DB4 /* AppDelegate.m in Sources */,
				DCFD667F205219CC00D43DB4 /* main.m in Sources */,
			);
			runOnlyForDeploymentPostprocessing = 0;
		};
		DCFD668F205219CC00D43DB4 /* Sources */ = {
			isa = PBXSourcesBuildPhase;
			buildActionMask = 2147483647;
			files = (
				DCFD6698205219CC00D43DB4 /* TTTAttributedLabelTests.m in Sources */,
			);
			runOnlyForDeploymentPostprocessing = 0;
		};
		DCFD669A205219CC00D43DB4 /* Sources */ = {
			isa = PBXSourcesBuildPhase;
			buildActionMask = 2147483647;
			files = (
				DCFD66A3205219CC00D43DB4 /* TTTAttributedLabelUITests.m in Sources */,
			);
			runOnlyForDeploymentPostprocessing = 0;
		};
/* End PBXSourcesBuildPhase section */

/* Begin PBXTargetDependency section */
		DCFD6695205219CC00D43DB4 /* PBXTargetDependency */ = {
			isa = PBXTargetDependency;
			target = DCFD6679205219CC00D43DB4 /* TTTAttributedLabel */;
			targetProxy = DCFD6694205219CC00D43DB4 /* PBXContainerItemProxy */;
		};
		DCFD66A0205219CC00D43DB4 /* PBXTargetDependency */ = {
			isa = PBXTargetDependency;
			target = DCFD6679205219CC00D43DB4 /* TTTAttributedLabel */;
			targetProxy = DCFD669F205219CC00D43DB4 /* PBXContainerItemProxy */;
		};
/* End PBXTargetDependency section */

/* Begin PBXVariantGroup section */
		DCFD6686205219CC00D43DB4 /* Main.storyboard */ = {
			isa = PBXVariantGroup;
			children = (
				DCFD6687205219CC00D43DB4 /* Base */,
			);
			name = Main.storyboard;
			sourceTree = "<group>";
		};
		DCFD668B205219CC00D43DB4 /* LaunchScreen.storyboard */ = {
			isa = PBXVariantGroup;
			children = (
				DCFD668C205219CC00D43DB4 /* Base */,
			);
			name = LaunchScreen.storyboard;
			sourceTree = "<group>";
		};
/* End PBXVariantGroup section */

/* Begin XCBuildConfiguration section */
		DCFD66A5205219CC00D43DB4 /* Debug */ = {
			isa = XCBuildConfiguration;
			buildSettings = {
				ALWAYS_SEARCH_USER_PATHS = NO;
				CLANG_ANALYZER_NONNULL = YES;
				CLANG_ANALYZER_NUMBER_OBJECT_CONVERSION = YES_AGGRESSIVE;
				CLANG_CXX_LANGUAGE_STANDARD = "gnu++0x";
				CLANG_CXX_LIBRARY = "libc++";
				CLANG_ENABLE_MODULES = YES;
				CLANG_ENABLE_OBJC_ARC = YES;
				CLANG_WARN_BOOL_CONVERSION = YES;
				CLANG_WARN_CONSTANT_CONVERSION = YES;
				CLANG_WARN_DIRECT_OBJC_ISA_USAGE = YES_ERROR;
				CLANG_WARN_DOCUMENTATION_COMMENTS = YES;
				CLANG_WARN_EMPTY_BODY = YES;
				CLANG_WARN_ENUM_CONVERSION = YES;
				CLANG_WARN_INFINITE_RECURSION = YES;
				CLANG_WARN_INT_CONVERSION = YES;
				CLANG_WARN_OBJC_ROOT_CLASS = YES_ERROR;
				CLANG_WARN_SUSPICIOUS_MOVE = YES;
				CLANG_WARN_UNREACHABLE_CODE = YES;
				CLANG_WARN__DUPLICATE_METHOD_MATCH = YES;
				"CODE_SIGN_IDENTITY[sdk=iphoneos*]" = "iPhone Developer";
				COPY_PHASE_STRIP = NO;
				DEBUG_INFORMATION_FORMAT = dwarf;
				ENABLE_STRICT_OBJC_MSGSEND = YES;
				ENABLE_TESTABILITY = YES;
				GCC_C_LANGUAGE_STANDARD = gnu99;
				GCC_DYNAMIC_NO_PIC = NO;
				GCC_NO_COMMON_BLOCKS = YES;
				GCC_OPTIMIZATION_LEVEL = 0;
				GCC_PREPROCESSOR_DEFINITIONS = (
					"DEBUG=1",
					"$(inherited)",
				);
				GCC_WARN_64_TO_32_BIT_CONVERSION = YES;
				GCC_WARN_ABOUT_RETURN_TYPE = YES_ERROR;
				GCC_WARN_UNDECLARED_SELECTOR = YES;
				GCC_WARN_UNINITIALIZED_AUTOS = YES_AGGRESSIVE;
				GCC_WARN_UNUSED_FUNCTION = YES;
				GCC_WARN_UNUSED_VARIABLE = YES;
				IPHONEOS_DEPLOYMENT_TARGET = 10.3;
				MTL_ENABLE_DEBUG_INFO = YES;
				ONLY_ACTIVE_ARCH = YES;
				SDKROOT = iphoneos;
				TARGETED_DEVICE_FAMILY = "1,2";
			};
			name = Debug;
		};
		DCFD66A6205219CC00D43DB4 /* Release */ = {
			isa = XCBuildConfiguration;
			buildSettings = {
				ALWAYS_SEARCH_USER_PATHS = NO;
				CLANG_ANALYZER_NONNULL = YES;
				CLANG_ANALYZER_NUMBER_OBJECT_CONVERSION = YES_AGGRESSIVE;
				CLANG_CXX_LANGUAGE_STANDARD = "gnu++0x";
				CLANG_CXX_LIBRARY = "libc++";
				CLANG_ENABLE_MODULES = YES;
				CLANG_ENABLE_OBJC_ARC = YES;
				CLANG_WARN_BOOL_CONVERSION = YES;
				CLANG_WARN_CONSTANT_CONVERSION = YES;
				CLANG_WARN_DIRECT_OBJC_ISA_USAGE = YES_ERROR;
				CLANG_WARN_DOCUMENTATION_COMMENTS = YES;
				CLANG_WARN_EMPTY_BODY = YES;
				CLANG_WARN_ENUM_CONVERSION = YES;
				CLANG_WARN_INFINITE_RECURSION = YES;
				CLANG_WARN_INT_CONVERSION = YES;
				CLANG_WARN_OBJC_ROOT_CLASS = YES_ERROR;
				CLANG_WARN_SUSPICIOUS_MOVE = YES;
				CLANG_WARN_UNREACHABLE_CODE = YES;
				CLANG_WARN__DUPLICATE_METHOD_MATCH = YES;
				"CODE_SIGN_IDENTITY[sdk=iphoneos*]" = "iPhone Developer";
				COPY_PHASE_STRIP = NO;
				DEBUG_INFORMATION_FORMAT = "dwarf-with-dsym";
				ENABLE_NS_ASSERTIONS = NO;
				ENABLE_STRICT_OBJC_MSGSEND = YES;
				GCC_C_LANGUAGE_STANDARD = gnu99;
				GCC_NO_COMMON_BLOCKS = YES;
				GCC_WARN_64_TO_32_BIT_CONVERSION = YES;
				GCC_WARN_ABOUT_RETURN_TYPE = YES_ERROR;
				GCC_WARN_UNDECLARED_SELECTOR = YES;
				GCC_WARN_UNINITIALIZED_AUTOS = YES_AGGRESSIVE;
				GCC_WARN_UNUSED_FUNCTION = YES;
				GCC_WARN_UNUSED_VARIABLE = YES;
				IPHONEOS_DEPLOYMENT_TARGET = 10.3;
				MTL_ENABLE_DEBUG_INFO = NO;
				SDKROOT = iphoneos;
				TARGETED_DEVICE_FAMILY = "1,2";
				VALIDATE_PRODUCT = YES;
			};
			name = Release;
		};
		DCFD66A8205219CC00D43DB4 /* Debug */ = {
			isa = XCBuildConfiguration;
			baseConfigurationReference = 49C3E35FA42ADB98C2FF9DB4 /* Pods-TTTAttributedLabel.debug.xcconfig */;
			buildSettings = {
				ASSETCATALOG_COMPILER_APPICON_NAME = AppIcon;
				DEVELOPMENT_TEAM = E8FZT95R86;
				INFOPLIST_FILE = TTTAttributedLabel/Info.plist;
				LD_RUNPATH_SEARCH_PATHS = "$(inherited) @executable_path/Frameworks";
				PRODUCT_BUNDLE_IDENTIFIER = com.cnpubg.TTTAttributedLabel;
				PRODUCT_NAME = "$(TARGET_NAME)";
			};
			name = Debug;
		};
		DCFD66A9205219CC00D43DB4 /* Release */ = {
			isa = XCBuildConfiguration;
			baseConfigurationReference = 28AFB2E52ECE7C1EFBAAF574 /* Pods-TTTAttributedLabel.release.xcconfig */;
			buildSettings = {
				ASSETCATALOG_COMPILER_APPICON_NAME = AppIcon;
				DEVELOPMENT_TEAM = E8FZT95R86;
				INFOPLIST_FILE = TTTAttributedLabel/Info.plist;
				LD_RUNPATH_SEARCH_PATHS = "$(inherited) @executable_path/Frameworks";
				PRODUCT_BUNDLE_IDENTIFIER = com.cnpubg.TTTAttributedLabel;
				PRODUCT_NAME = "$(TARGET_NAME)";
			};
			name = Release;
		};
		DCFD66AB205219CC00D43DB4 /* Debug */ = {
			isa = XCBuildConfiguration;
			buildSettings = {
				BUNDLE_LOADER = "$(TEST_HOST)";
				DEVELOPMENT_TEAM = E8FZT95R86;
				INFOPLIST_FILE = TTTAttributedLabelTests/Info.plist;
				LD_RUNPATH_SEARCH_PATHS = "$(inherited) @executable_path/Frameworks @loader_path/Frameworks";
				PRODUCT_BUNDLE_IDENTIFIER = com.cnpubg.TTTAttributedLabelTests;
				PRODUCT_NAME = "$(TARGET_NAME)";
				TEST_HOST = "$(BUILT_PRODUCTS_DIR)/TTTAttributedLabel.app/TTTAttributedLabel";
			};
			name = Debug;
		};
		DCFD66AC205219CC00D43DB4 /* Release */ = {
			isa = XCBuildConfiguration;
			buildSettings = {
				BUNDLE_LOADER = "$(TEST_HOST)";
				DEVELOPMENT_TEAM = E8FZT95R86;
				INFOPLIST_FILE = TTTAttributedLabelTests/Info.plist;
				LD_RUNPATH_SEARCH_PATHS = "$(inherited) @executable_path/Frameworks @loader_path/Frameworks";
				PRODUCT_BUNDLE_IDENTIFIER = com.cnpubg.TTTAttributedLabelTests;
				PRODUCT_NAME = "$(TARGET_NAME)";
				TEST_HOST = "$(BUILT_PRODUCTS_DIR)/TTTAttributedLabel.app/TTTAttributedLabel";
			};
			name = Release;
		};
		DCFD66AE205219CC00D43DB4 /* Debug */ = {
			isa = XCBuildConfiguration;
			buildSettings = {
				DEVELOPMENT_TEAM = E8FZT95R86;
				INFOPLIST_FILE = TTTAttributedLabelUITests/Info.plist;
				LD_RUNPATH_SEARCH_PATHS = "$(inherited) @executable_path/Frameworks @loader_path/Frameworks";
				PRODUCT_BUNDLE_IDENTIFIER = com.cnpubg.TTTAttributedLabelUITests;
				PRODUCT_NAME = "$(TARGET_NAME)";
				TEST_TARGET_NAME = TTTAttributedLabel;
			};
			name = Debug;
		};
		DCFD66AF205219CC00D43DB4 /* Release */ = {
			isa = XCBuildConfiguration;
			buildSettings = {
				DEVELOPMENT_TEAM = E8FZT95R86;
				INFOPLIST_FILE = TTTAttributedLabelUITests/Info.plist;
				LD_RUNPATH_SEARCH_PATHS = "$(inherited) @executable_path/Frameworks @loader_path/Frameworks";
				PRODUCT_BUNDLE_IDENTIFIER = com.cnpubg.TTTAttributedLabelUITests;
				PRODUCT_NAME = "$(TARGET_NAME)";
				TEST_TARGET_NAME = TTTAttributedLabel;
			};
			name = Release;
		};
/* End XCBuildConfiguration section */

/* Begin XCConfigurationList section */
		DCFD6675205219CC00D43DB4 /* Build configuration list for PBXProject "TTTAttributedLabel" */ = {
			isa = XCConfigurationList;
			buildConfigurations = (
				DCFD66A5205219CC00D43DB4 /* Debug */,
				DCFD66A6205219CC00D43DB4 /* Release */,
			);
			defaultConfigurationIsVisible = 0;
			defaultConfigurationName = Release;
		};
		DCFD66A7205219CC00D43DB4 /* Build configuration list for PBXNativeTarget "TTTAttributedLabel" */ = {
			isa = XCConfigurationList;
			buildConfigurations = (
				DCFD66A8205219CC00D43DB4 /* Debug */,
				DCFD66A9205219CC00D43DB4 /* Release */,
			);
			defaultConfigurationIsVisible = 0;
		};
		DCFD66AA205219CC00D43DB4 /* Build configuration list for PBXNativeTarget "TTTAttributedLabelTests" */ = {
			isa = XCConfigurationList;
			buildConfigurations = (
				DCFD66AB205219CC00D43DB4 /* Debug */,
				DCFD66AC205219CC00D43DB4 /* Release */,
			);
			defaultConfigurationIsVisible = 0;
		};
		DCFD66AD205219CC00D43DB4 /* Build configuration list for PBXNativeTarget "TTTAttributedLabelUITests" */ = {
			isa = XCConfigurationList;
			buildConfigurations = (
				DCFD66AE205219CC00D43DB4 /* Debug */,
				DCFD66AF205219CC00D43DB4 /* Release */,
			);
			defaultConfigurationIsVisible = 0;
		};
/* End XCConfigurationList section */
	};
	rootObject = DCFD6672205219CC00D43DB4 /* Project object */;
}
